
Microsoft Visual Studio Solution File, Format Version 12.00
# Visual Studio Version 17
VisualStudioVersion = 17.6.33723.286
MinimumVisualStudioVersion = 10.0.40219.1
Project("{FAE04EC0-301F-11D3-BF4B-00C04F79EFBC}") = "GoF_Strategy_pattern", "GoF_Strategy_pattern.csproj", "{1DAAC7B4-740D-4C74-B037-0D6CCAF121C1}"
EndProject
Global
	GlobalSection(SolutionConfigurationPlatforms) = preSolution
		Debug|Any CPU = Debug|Any CPU
		Release|Any CPU = Release|Any CPU
	EndGlobalSection
	GlobalSection(ProjectConfigurationPlatforms) = postSolution
		{1DAAC7B4-740D-4C74-B037-0D6CCAF121C1}.Debug|Any CPU.ActiveCfg = Debug|Any CPU
		{1DAAC7B4-740D-4C74-B037-0D6CCAF121C1}.Debug|Any CPU.Build.0 = Debug|Any CPU
		{1DAAC7B4-740D-4C74-B037-0D6CCAF121C1}.Release|Any CPU.ActiveCfg = Release|Any CPU
		{1DAAC7B4-740D-4C74-B037-0D6CCAF121C1}.Release|Any CPU.Build.0 = Release|Any CPU
	EndGlobalSection
	GlobalSection(SolutionProperties) = preSolution
		HideSolutionNode = FALSE
	EndGlobalSection
	GlobalSection(ExtensibilityGlobals) = postSolution
		SolutionGuid = {9A6EB8FC-0D6A-4BC7-83AE-F6CFE5C5E3A3}
	EndGlobalSection
EndGlobal
